
Microsoft Visual Studio Solution File, Format Version 12.00
# Visual Studio Version 17
VisualStudioVersion = 17.9.34622.214
MinimumVisualStudioVersion = 10.0.40219.1
Project("{9A19103F-16F7-4668-BE54-9A1E7A4F7556}") = "UsersAPI.Services", "UsersAPI.Services\UsersAPI.Services.csproj", "{EADD7AE9-71A2-412F-87FD-B5B3748BADA3}"
EndProject
Project("{2150E333-8FDC-42A3-9474-1A3956D46DE8}") = "API", "API", "{E0692592-C471-4208-84AC-B05FF56DDC60}"
EndProject
Project("{2150E333-8FDC-42A3-9474-1A3956D46DE8}") = "DDD", "DDD", "{B7FA4536-91CA-4489-997E-21228FD0505B}"
EndProject
Project("{2150E333-8FDC-42A3-9474-1A3956D46DE8}") = "Application", "Application", "{88B27322-051A-419C-9777-ED686626A5C6}"
EndProject
Project("{2150E333-8FDC-42A3-9474-1A3956D46DE8}") = "Domain", "Domain", "{1D6160F4-89C0-4B71-9A18-B6C75C60225C}"
EndProject
Project("{2150E333-8FDC-42A3-9474-1A3956D46DE8}") = "InfraStructure", "InfraStructure", "{5FACF30C-8F59-4917-8049-B390DAF61968}"
EndProject
Project("{9A19103F-16F7-4668-BE54-9A1E7A4F7556}") = "UsersAPI.Application", "UsersAPI.Application\UsersAPI.Application.csproj", "{02A2B9CF-E908-4F53-8B1F-81E07DBBFECA}"
EndProject
Project("{9A19103F-16F7-4668-BE54-9A1E7A4F7556}") = "UsersAPI.Domain", "UsersAPI.Domain\UsersAPI.Domain.csproj", "{28AF2B20-FEDA-479C-A659-F42323FDA8B4}"
EndProject
Project("{9A19103F-16F7-4668-BE54-9A1E7A4F7556}") = "UsersAPI.Infra.Data", "UsersAPI.Infra.Data\UsersAPI.Infra.Data.csproj", "{214C77CE-0908-47ED-8D0E-DEDD7BC28E26}"
EndProject
Project("{9A19103F-16F7-4668-BE54-9A1E7A4F7556}") = "UsersAPI.Infra.IoC", "UsersAPI.Infra.IoC\UsersAPI.Infra.IoC.csproj", "{FB18C4B5-22EC-48F4-AB22-21B6E3347C27}"
EndProject
Project("{2150E333-8FDC-42A3-9474-1A3956D46DE8}") = "Test", "Test", "{A45ABDED-2170-4190-8030-EF14A5AE62FA}"
EndProject
Project("{9A19103F-16F7-4668-BE54-9A1E7A4F7556}") = "UsersAPI.Tests", "UsersAPI.Tests\UsersAPI.Tests.csproj", "{A317D222-2938-4A74-95E6-8A7A23F1B0BF}"
EndProject
Project("{FAE04EC0-301F-11D3-BF4B-00C04F79EFBC}") = "UsersAPI.Infra.Messages", "UsersAPI.Infra.Messages\UsersAPI.Infra.Messages.csproj", "{64E56032-8528-4475-B067-ACA45B7843FE}"
EndProject
Global
	GlobalSection(SolutionConfigurationPlatforms) = preSolution
		Debug|Any CPU = Debug|Any CPU
		Release|Any CPU = Release|Any CPU
	EndGlobalSection
	GlobalSection(ProjectConfigurationPlatforms) = postSolution
		{EADD7AE9-71A2-412F-87FD-B5B3748BADA3}.Debug|Any CPU.ActiveCfg = Debug|Any CPU
		{EADD7AE9-71A2-412F-87FD-B5B3748BADA3}.Debug|Any CPU.Build.0 = Debug|Any CPU
		{EADD7AE9-71A2-412F-87FD-B5B3748BADA3}.Release|Any CPU.ActiveCfg = Release|Any CPU
		{EADD7AE9-71A2-412F-87FD-B5B3748BADA3}.Release|Any CPU.Build.0 = Release|Any CPU
		{02A2B9CF-E908-4F53-8B1F-81E07DBBFECA}.Debug|Any CPU.ActiveCfg = Debug|Any CPU
		{02A2B9CF-E908-4F53-8B1F-81E07DBBFECA}.Debug|Any CPU.Build.0 = Debug|Any CPU
		{02A2B9CF-E908-4F53-8B1F-81E07DBBFECA}.Release|Any CPU.ActiveCfg = Release|Any CPU
		{02A2B9CF-E908-4F53-8B1F-81E07DBBFECA}.Release|Any CPU.Build.0 = Release|Any CPU
		{28AF2B20-FEDA-479C-A659-F42323FDA8B4}.Debug|Any CPU.ActiveCfg = Debug|Any CPU
		{28AF2B20-FEDA-479C-A659-F42323FDA8B4}.Debug|Any CPU.Build.0 = Debug|Any CPU
		{28AF2B20-FEDA-479C-A659-F42323FDA8B4}.Release|Any CPU.ActiveCfg = Release|Any CPU
		{28AF2B20-FEDA-479C-A659-F42323FDA8B4}.Release|Any CPU.Build.0 = Release|Any CPU
		{214C77CE-0908-47ED-8D0E-DEDD7BC28E26}.Debug|Any CPU.ActiveCfg = Debug|Any CPU
		{214C77CE-0908-47ED-8D0E-DEDD7BC28E26}.Debug|Any CPU.Build.0 = Debug|Any CPU
		{214C77CE-0908-47ED-8D0E-DEDD7BC28E26}.Release|Any CPU.ActiveCfg = Release|Any CPU
		{214C77CE-0908-47ED-8D0E-DEDD7BC28E26}.Release|Any CPU.Build.0 = Release|Any CPU
		{FB18C4B5-22EC-48F4-AB22-21B6E3347C27}.Debug|Any CPU.ActiveCfg = Debug|Any CPU
		{FB18C4B5-22EC-48F4-AB22-21B6E3347C27}.Debug|Any CPU.Build.0 = Debug|Any CPU
		{FB18C4B5-22EC-48F4-AB22-21B6E3347C27}.Release|Any CPU.ActiveCfg = Release|Any CPU
		{FB18C4B5-22EC-48F4-AB22-21B6E3347C27}.Release|Any CPU.Build.0 = Release|Any CPU
		{A317D222-2938-4A74-95E6-8A7A23F1B0BF}.Debug|Any CPU.ActiveCfg = Debug|Any CPU
		{A317D222-2938-4A74-95E6-8A7A23F1B0BF}.Debug|Any CPU.Build.0 = Debug|Any CPU
		{A317D222-2938-4A74-95E6-8A7A23F1B0BF}.Release|Any CPU.ActiveCfg = Release|Any CPU
		{A317D222-2938-4A74-95E6-8A7A23F1B0BF}.Release|Any CPU.Build.0 = Release|Any CPU
		{64E56032-8528-4475-B067-ACA45B7843FE}.Debug|Any CPU.ActiveCfg = Debug|Any CPU
		{64E56032-8528-4475-B067-ACA45B7843FE}.Debug|Any CPU.Build.0 = Debug|Any CPU
		{64E56032-8528-4475-B067-ACA45B7843FE}.Release|Any CPU.ActiveCfg = Release|Any CPU
		{64E56032-8528-4475-B067-ACA45B7843FE}.Release|Any CPU.Build.0 = Release|Any CPU
	EndGlobalSection
	GlobalSection(SolutionProperties) = preSolution
		HideSolutionNode = FALSE
	EndGlobalSection
	GlobalSection(NestedProjects) = preSolution
		{EADD7AE9-71A2-412F-87FD-B5B3748BADA3} = {E0692592-C471-4208-84AC-B05FF56DDC60}
		{88B27322-051A-419C-9777-ED686626A5C6} = {B7FA4536-91CA-4489-997E-21228FD0505B}
		{1D6160F4-89C0-4B71-9A18-B6C75C60225C} = {B7FA4536-91CA-4489-997E-21228FD0505B}
		{5FACF30C-8F59-4917-8049-B390DAF61968} = {B7FA4536-91CA-4489-997E-21228FD0505B}
		{02A2B9CF-E908-4F53-8B1F-81E07DBBFECA} = {88B27322-051A-419C-9777-ED686626A5C6}
		{28AF2B20-FEDA-479C-A659-F42323FDA8B4} = {1D6160F4-89C0-4B71-9A18-B6C75C60225C}
		{214C77CE-0908-47ED-8D0E-DEDD7BC28E26} = {5FACF30C-8F59-4917-8049-B390DAF61968}
		{FB18C4B5-22EC-48F4-AB22-21B6E3347C27} = {5FACF30C-8F59-4917-8049-B390DAF61968}
		{A317D222-2938-4A74-95E6-8A7A23F1B0BF} = {A45ABDED-2170-4190-8030-EF14A5AE62FA}
		{64E56032-8528-4475-B067-ACA45B7843FE} = {5FACF30C-8F59-4917-8049-B390DAF61968}
	EndGlobalSection
	GlobalSection(ExtensibilityGlobals) = postSolution
		SolutionGuid = {E4F2635C-A9DF-4394-8C1C-959D6BC5D00A}
	EndGlobalSection
EndGlobal
